
Microsoft Visual Studio Solution File, Format Version 12.00
# Visual Studio Version 16
VisualStudioVersion = 16.0.29709.97
MinimumVisualStudioVersion = 10.0.40219.1
Project("{9A19103F-16F7-4668-BE54-9A1E7A4F7556}") = "Rocket.Chat.Net", "Rocket.Chat.Net\Rocket.Chat.Net.csproj", "{AF7DC4CB-8E1A-4FEA-A23B-DE4F9468A521}"
EndProject
Project("{FAE04EC0-301F-11D3-BF4B-00C04F79EFBC}") = "RockChat.UWP", "RockChat.UWP\RockChat.UWP.csproj", "{A10B221E-9095-4D15-B185-79A6579C7BC6}"
EndProject
Project("{9A19103F-16F7-4668-BE54-9A1E7A4F7556}") = "websocket-sharp", "websocket-sharp\websocket-sharp\websocket-sharp.csproj", "{25E0DA9E-144C-4048-A31E-FAFE70B16E65}"
EndProject
Project("{FAE04EC0-301F-11D3-BF4B-00C04F79EFBC}") = "RockChat.Droid", "RockChat.Droid\RockChat.Droid.csproj", "{45373F58-4F59-4A30-B9D7-0AE499BB8BA6}"
EndProject
Project("{FAE04EC0-301F-11D3-BF4B-00C04F79EFBC}") = "Rocket.Chat.Net.Test", "Rocket.Chat.Net.Test\Rocket.Chat.Net.Test.csproj", "{5943E546-B173-42F4-950A-12E505194ADD}"
EndProject
Global
	GlobalSection(SolutionConfigurationPlatforms) = preSolution
		Debug|Any CPU = Debug|Any CPU
		Debug|ARM = Debug|ARM
		Debug|ARM64 = Debug|ARM64
		Debug|x64 = Debug|x64
		Debug|x86 = Debug|x86
		Release|Any CPU = Release|Any CPU
		Release|ARM = Release|ARM
		Release|ARM64 = Release|ARM64
		Release|x64 = Release|x64
		Release|x86 = Release|x86
	EndGlobalSection
	GlobalSection(ProjectConfigurationPlatforms) = postSolution
		{AF7DC4CB-8E1A-4FEA-A23B-DE4F9468A521}.Debug|Any CPU.ActiveCfg = Debug|Any CPU
		{AF7DC4CB-8E1A-4FEA-A23B-DE4F9468A521}.Debug|Any CPU.Build.0 = Debug|Any CPU
		{AF7DC4CB-8E1A-4FEA-A23B-DE4F9468A521}.Debug|ARM.ActiveCfg = Debug|Any CPU
		{AF7DC4CB-8E1A-4FEA-A23B-DE4F9468A521}.Debug|ARM.Build.0 = Debug|Any CPU
		{AF7DC4CB-8E1A-4FEA-A23B-DE4F9468A521}.Debug|ARM64.ActiveCfg = Debug|Any CPU
		{AF7DC4CB-8E1A-4FEA-A23B-DE4F9468A521}.Debug|ARM64.Build.0 = Debug|Any CPU
		{AF7DC4CB-8E1A-4FEA-A23B-DE4F9468A521}.Debug|x64.ActiveCfg = Debug|Any CPU
		{AF7DC4CB-8E1A-4FEA-A23B-DE4F9468A521}.Debug|x64.Build.0 = Debug|Any CPU
		{AF7DC4CB-8E1A-4FEA-A23B-DE4F9468A521}.Debug|x86.ActiveCfg = Debug|Any CPU
		{AF7DC4CB-8E1A-4FEA-A23B-DE4F9468A521}.Debug|x86.Build.0 = Debug|Any CPU
		{AF7DC4CB-8E1A-4FEA-A23B-DE4F9468A521}.Release|Any CPU.ActiveCfg = Release|Any CPU
		{AF7DC4CB-8E1A-4FEA-A23B-DE4F9468A521}.Release|Any CPU.Build.0 = Release|Any CPU
		{AF7DC4CB-8E1A-4FEA-A23B-DE4F9468A521}.Release|ARM.ActiveCfg = Release|Any CPU
		{AF7DC4CB-8E1A-4FEA-A23B-DE4F9468A521}.Release|ARM.Build.0 = Release|Any CPU
		{AF7DC4CB-8E1A-4FEA-A23B-DE4F9468A521}.Release|ARM64.ActiveCfg = Release|Any CPU
		{AF7DC4CB-8E1A-4FEA-A23B-DE4F9468A521}.Release|ARM64.Build.0 = Release|Any CPU
		{AF7DC4CB-8E1A-4FEA-A23B-DE4F9468A521}.Release|x64.ActiveCfg = Release|Any CPU
		{AF7DC4CB-8E1A-4FEA-A23B-DE4F9468A521}.Release|x64.Build.0 = Release|Any CPU
		{AF7DC4CB-8E1A-4FEA-A23B-DE4F9468A521}.Release|x86.ActiveCfg = Release|Any CPU
		{AF7DC4CB-8E1A-4FEA-A23B-DE4F9468A521}.Release|x86.Build.0 = Release|Any CPU
		{A10B221E-9095-4D15-B185-79A6579C7BC6}.Debug|Any CPU.ActiveCfg = Debug|x86
		{A10B221E-9095-4D15-B185-79A6579C7BC6}.Debug|ARM.ActiveCfg = Debug|ARM
		{A10B221E-9095-4D15-B185-79A6579C7BC6}.Debug|ARM.Build.0 = Debug|ARM
		{A10B221E-9095-4D15-B185-79A6579C7BC6}.Debug|ARM.Deploy.0 = Debug|ARM
		{A10B221E-9095-4D15-B185-79A6579C7BC6}.Debug|ARM64.ActiveCfg = Debug|ARM64
		{A10B221E-9095-4D15-B185-79A6579C7BC6}.Debug|ARM64.Build.0 = Debug|ARM64
		{A10B221E-9095-4D15-B185-79A6579C7BC6}.Debug|ARM64.Deploy.0 = Debug|ARM64
		{A10B221E-9095-4D15-B185-79A6579C7BC6}.Debug|x64.ActiveCfg = Debug|x64
		{A10B221E-9095-4D15-B185-79A6579C7BC6}.Debug|x64.Build.0 = Debug|x64
		{A10B221E-9095-4D15-B185-79A6579C7BC6}.Debug|x64.Deploy.0 = Debug|x64
		{A10B221E-9095-4D15-B185-79A6579C7BC6}.Debug|x86.ActiveCfg = Debug|x86
		{A10B221E-9095-4D15-B185-79A6579C7BC6}.Debug|x86.Build.0 = Debug|x86
		{A10B221E-9095-4D15-B185-79A6579C7BC6}.Debug|x86.Deploy.0 = Debug|x86
		{A10B221E-9095-4D15-B185-79A6579C7BC6}.Release|Any CPU.ActiveCfg = Release|x86
		{A10B221E-9095-4D15-B185-79A6579C7BC6}.Release|ARM.ActiveCfg = Release|ARM
		{A10B221E-9095-4D15-B185-79A6579C7BC6}.Release|ARM.Build.0 = Release|ARM
		{A10B221E-9095-4D15-B185-79A6579C7BC6}.Release|ARM.Deploy.0 = Release|ARM
		{A10B221E-9095-4D15-B185-79A6579C7BC6}.Release|ARM64.ActiveCfg = Release|ARM64
		{A10B221E-9095-4D15-B185-79A6579C7BC6}.Release|ARM64.Build.0 = Release|ARM64
		{A10B221E-9095-4D15-B185-79A6579C7BC6}.Release|ARM64.Deploy.0 = Release|ARM64
		{A10B221E-9095-4D15-B185-79A6579C7BC6}.Release|x64.ActiveCfg = Release|x64
		{A10B221E-9095-4D15-B185-79A6579C7BC6}.Release|x64.Build.0 = Release|x64
		{A10B221E-9095-4D15-B185-79A6579C7BC6}.Release|x64.Deploy.0 = Release|x64
		{A10B221E-9095-4D15-B185-79A6579C7BC6}.Release|x86.ActiveCfg = Release|x86
		{A10B221E-9095-4D15-B185-79A6579C7BC6}.Release|x86.Build.0 = Release|x86
		{A10B221E-9095-4D15-B185-79A6579C7BC6}.Release|x86.Deploy.0 = Release|x86
		{25E0DA9E-144C-4048-A31E-FAFE70B16E65}.Debug|Any CPU.ActiveCfg = Debug|Any CPU
		{25E0DA9E-144C-4048-A31E-FAFE70B16E65}.Debug|Any CPU.Build.0 = Debug|Any CPU
		{25E0DA9E-144C-4048-A31E-FAFE70B16E65}.Debug|ARM.ActiveCfg = Debug|Any CPU
		{25E0DA9E-144C-4048-A31E-FAFE70B16E65}.Debug|ARM.Build.0 = Debug|Any CPU
		{25E0DA9E-144C-4048-A31E-FAFE70B16E65}.Debug|ARM64.ActiveCfg = Debug|Any CPU
		{25E0DA9E-144C-4048-A31E-FAFE70B16E65}.Debug|ARM64.Build.0 = Debug|Any CPU
		{25E0DA9E-144C-4048-A31E-FAFE70B16E65}.Debug|x64.ActiveCfg = Debug|Any CPU
		{25E0DA9E-144C-4048-A31E-FAFE70B16E65}.Debug|x64.Build.0 = Debug|Any CPU
		{25E0DA9E-144C-4048-A31E-FAFE70B16E65}.Debug|x86.ActiveCfg = Debug|Any CPU
		{25E0DA9E-144C-4048-A31E-FAFE70B16E65}.Debug|x86.Build.0 = Debug|Any CPU
		{25E0DA9E-144C-4048-A31E-FAFE70B16E65}.Release|Any CPU.ActiveCfg = Release|Any CPU
		{25E0DA9E-144C-4048-A31E-FAFE70B16E65}.Release|Any CPU.Build.0 = Release|Any CPU
		{25E0DA9E-144C-4048-A31E-FAFE70B16E65}.Release|ARM.ActiveCfg = Release|Any CPU
		{25E0DA9E-144C-4048-A31E-FAFE70B16E65}.Release|ARM.Build.0 = Release|Any CPU
		{25E0DA9E-144C-4048-A31E-FAFE70B16E65}.Release|ARM64.ActiveCfg = Release|Any CPU
		{25E0DA9E-144C-4048-A31E-FAFE70B16E65}.Release|ARM64.Build.0 = Release|Any CPU
		{25E0DA9E-144C-4048-A31E-FAFE70B16E65}.Release|x64.ActiveCfg = Release|Any CPU
		{25E0DA9E-144C-4048-A31E-FAFE70B16E65}.Release|x64.Build.0 = Release|Any CPU
		{25E0DA9E-144C-4048-A31E-FAFE70B16E65}.Release|x86.ActiveCfg = Release|Any CPU
		{25E0DA9E-144C-4048-A31E-FAFE70B16E65}.Release|x86.Build.0 = Release|Any CPU
		{45373F58-4F59-4A30-B9D7-0AE499BB8BA6}.Debug|Any CPU.ActiveCfg = Debug|Any CPU
		{45373F58-4F59-4A30-B9D7-0AE499BB8BA6}.Debug|Any CPU.Build.0 = Debug|Any CPU
		{45373F58-4F59-4A30-B9D7-0AE499BB8BA6}.Debug|Any CPU.Deploy.0 = Debug|Any CPU
		{45373F58-4F59-4A30-B9D7-0AE499BB8BA6}.Debug|ARM.ActiveCfg = Debug|Any CPU
		{45373F58-4F59-4A30-B9D7-0AE499BB8BA6}.Debug|ARM.Build.0 = Debug|Any CPU
		{45373F58-4F59-4A30-B9D7-0AE499BB8BA6}.Debug|ARM.Deploy.0 = Debug|Any CPU
		{45373F58-4F59-4A30-B9D7-0AE499BB8BA6}.Debug|ARM64.ActiveCfg = Debug|Any CPU
		{45373F58-4F59-4A30-B9D7-0AE499BB8BA6}.Debug|ARM64.Build.0 = Debug|Any CPU
		{45373F58-4F59-4A30-B9D7-0AE499BB8BA6}.Debug|ARM64.Deploy.0 = Debug|Any CPU
		{45373F58-4F59-4A30-B9D7-0AE499BB8BA6}.Debug|x64.ActiveCfg = Debug|Any CPU
		{45373F58-4F59-4A30-B9D7-0AE499BB8BA6}.Debug|x64.Build.0 = Debug|Any CPU
		{45373F58-4F59-4A30-B9D7-0AE499BB8BA6}.Debug|x64.Deploy.0 = Debug|Any CPU
		{45373F58-4F59-4A30-B9D7-0AE499BB8BA6}.Debug|x86.ActiveCfg = Debug|Any CPU
		{45373F58-4F59-4A30-B9D7-0AE499BB8BA6}.Debug|x86.Build.0 = Debug|Any CPU
		{45373F58-4F59-4A30-B9D7-0AE499BB8BA6}.Debug|x86.Deploy.0 = Debug|Any CPU
		{45373F58-4F59-4A30-B9D7-0AE499BB8BA6}.Release|Any CPU.ActiveCfg = Release|Any CPU
		{45373F58-4F59-4A30-B9D7-0AE499BB8BA6}.Release|Any CPU.Build.0 = Release|Any CPU
		{45373F58-4F59-4A30-B9D7-0AE499BB8BA6}.Release|Any CPU.Deploy.0 = Release|Any CPU
		{45373F58-4F59-4A30-B9D7-0AE499BB8BA6}.Release|ARM.ActiveCfg = Release|Any CPU
		{45373F58-4F59-4A30-B9D7-0AE499BB8BA6}.Release|ARM.Build.0 = Release|Any CPU
		{45373F58-4F59-4A30-B9D7-0AE499BB8BA6}.Release|ARM.Deploy.0 = Release|Any CPU
		{45373F58-4F59-4A30-B9D7-0AE499BB8BA6}.Release|ARM64.ActiveCfg = Release|Any CPU
		{45373F58-4F59-4A30-B9D7-0AE499BB8BA6}.Release|ARM64.Build.0 = Release|Any CPU
		{45373F58-4F59-4A30-B9D7-0AE499BB8BA6}.Release|ARM64.Deploy.0 = Release|Any CPU
		{45373F58-4F59-4A30-B9D7-0AE499BB8BA6}.Release|x64.ActiveCfg = Release|Any CPU
		{45373F58-4F59-4A30-B9D7-0AE499BB8BA6}.Release|x64.Build.0 = Release|Any CPU
		{45373F58-4F59-4A30-B9D7-0AE499BB8BA6}.Release|x64.Deploy.0 = Release|Any CPU
		{45373F58-4F59-4A30-B9D7-0AE499BB8BA6}.Release|x86.ActiveCfg = Release|Any CPU
		{45373F58-4F59-4A30-B9D7-0AE499BB8BA6}.Release|x86.Build.0 = Release|Any CPU
		{45373F58-4F59-4A30-B9D7-0AE499BB8BA6}.Release|x86.Deploy.0 = Release|Any CPU
		{5943E546-B173-42F4-950A-12E505194ADD}.Debug|Any CPU.ActiveCfg = Debug|Any CPU
		{5943E546-B173-42F4-950A-12E505194ADD}.Debug|Any CPU.Build.0 = Debug|Any CPU
		{5943E546-B173-42F4-950A-12E505194ADD}.Debug|ARM.ActiveCfg = Debug|Any CPU
		{5943E546-B173-42F4-950A-12E505194ADD}.Debug|ARM.Build.0 = Debug|Any CPU
		{5943E546-B173-42F4-950A-12E505194ADD}.Debug|ARM64.ActiveCfg = Debug|Any CPU
		{5943E546-B173-42F4-950A-12E505194ADD}.Debug|ARM64.Build.0 = Debug|Any CPU
		{5943E546-B173-42F4-950A-12E505194ADD}.Debug|x64.ActiveCfg = Debug|Any CPU
		{5943E546-B173-42F4-950A-12E505194ADD}.Debug|x64.Build.0 = Debug|Any CPU
		{5943E546-B173-42F4-950A-12E505194ADD}.Debug|x86.ActiveCfg = Debug|Any CPU
		{5943E546-B173-42F4-950A-12E505194ADD}.Debug|x86.Build.0 = Debug|Any CPU
		{5943E546-B173-42F4-950A-12E505194ADD}.Release|Any CPU.ActiveCfg = Release|Any CPU
		{5943E546-B173-42F4-950A-12E505194ADD}.Release|Any CPU.Build.0 = Release|Any CPU
		{5943E546-B173-42F4-950A-12E505194ADD}.Release|ARM.ActiveCfg = Release|Any CPU
		{5943E546-B173-42F4-950A-12E505194ADD}.Release|ARM.Build.0 = Release|Any CPU
		{5943E546-B173-42F4-950A-12E505194ADD}.Release|ARM64.ActiveCfg = Release|Any CPU
		{5943E546-B173-42F4-950A-12E505194ADD}.Release|ARM64.Build.0 = Release|Any CPU
		{5943E546-B173-42F4-950A-12E505194ADD}.Release|x64.ActiveCfg = Release|Any CPU
		{5943E546-B173-42F4-950A-12E505194ADD}.Release|x64.Build.0 = Release|Any CPU
		{5943E546-B173-42F4-950A-12E505194ADD}.Release|x86.ActiveCfg = Release|Any CPU
		{5943E546-B173-42F4-950A-12E505194ADD}.Release|x86.Build.0 = Release|Any CPU
	EndGlobalSection
	GlobalSection(SolutionProperties) = preSolution
		HideSolutionNode = FALSE
	EndGlobalSection
	GlobalSection(ExtensibilityGlobals) = postSolution
		SolutionGuid = {333DAFD2-13C3-485F-A27C-239641BB69F6}
	EndGlobalSection
EndGlobal
